github.com/lib/pq v1.10.9 h1:YXG7RB+JIjhP29X+OtkiDnYaXQwpS4JEWq7dtCCRUEw=
github.com/lib/pq v1.10.9/go.mod h1:AlVN5x4E4T544tWzH6hKfbfQvm3HdbOxrmggDNAPY9o=
github.com/sashabaranov/go-openai v1.36.0 h1:fcSrn8uGuorzPWCBp8L0aCR95Zjb/Dd+ZSML0YZy9EI=
github.com/sashabaranov/go-openai v1.36.0/go.mod h1:lj5b/K+zjTSFxVLijLSTDZuP7adOgerWeFyZLUhAKRg=
